// !$*UTF8*$!
{
	archiveVersion = 1;
	classes = {
	};
	objectVersion = 46;
	objects = {
/* Begin PBXBuildFile section */
		0207DA581B56EA530066E2B4 /* Images.xcassets in Resources */ = {isa = PBXBuildFile; fileRef = 0207DA571B56EA530066E2B4 /* Images.xcassets */; };
		1D3623260D0F684500981E51 /* AppDelegate.m in Sources */ = {isa = PBXBuildFile; fileRef = 1D3623250D0F684500981E51 /* AppDelegate.m */; };
		1D60589B0D05DD56006BFB54 /* main.m in Sources */ = {isa = PBXBuildFile; fileRef = 29B97316FDCFA39411CA2CEA /* main.m */; };
		301BF552109A68D80062928A /* libCordova.a in Frameworks */ = {isa = PBXBuildFile; fileRef = 301BF535109A57CC0062928A /* libCordova.a */; };
		302D95F114D2391D003F00A1 /* MainViewController.m in Sources */ = {isa = PBXBuildFile; fileRef = 302D95EF14D2391D003F00A1 /* MainViewController.m */; };
		302D95F214D2391D003F00A1 /* MainViewController.xib in Resources */ = {isa = PBXBuildFile; fileRef = 302D95F014D2391D003F00A1 /* MainViewController.xib */; };
		3047A5121AB8059700498E2A /* build-debug.xcconfig in Resources */ = {isa = PBXBuildFile; fileRef = 3047A50F1AB8059700498E2A /* build-debug.xcconfig */; };
		3047A5131AB8059700498E2A /* build-release.xcconfig in Resources */ = {isa = PBXBuildFile; fileRef = 3047A5101AB8059700498E2A /* build-release.xcconfig */; };
		3047A5141AB8059700498E2A /* build.xcconfig in Resources */ = {isa = PBXBuildFile; fileRef = 3047A5111AB8059700498E2A /* build.xcconfig */; };
		99A426DC237C4FC1BF403B9C /* CDVBattery.m in Sources */ = {isa = PBXBuildFile; fileRef = 7C2AF0C6DB5142FBB456D310 /* CDVBattery.m */; };
		4C38F758FC1A40AB95714E1F /* UIImage+CropScaleOrientation.m in Sources */ = {isa = PBXBuildFile; fileRef = C12863ACBA8046FDAAE76F94 /* UIImage+CropScaleOrientation.m */; };
		D0CE392C2A4B45E784F55370 /* CDVCamera.m in Sources */ = {isa = PBXBuildFile; fileRef = B7B215736DD64F529FBAB1CD /* CDVCamera.m */; };
		40D601BC3AD1453881158C81 /* CDVJpegHeaderWriter.m in Sources */ = {isa = PBXBuildFile; fileRef = 50D76968E5EC4602BF1ECB0C /* CDVJpegHeaderWriter.m */; };
		E5930995EDC14B3095093D69 /* ImageIO.framework in Frameworks */ = {isa = PBXBuildFile; fileRef = 167F93D6869D43A2A982AF2F /* ImageIO.framework */; settings = {ATTRIBUTES = (Weak, ); }; };
		312C5096B3A64090AC1D68C0 /* CoreLocation.framework in Frameworks */ = {isa = PBXBuildFile; fileRef = 996A02C8ED7C4CDDB36804AB /* CoreLocation.framework */; };
		80CE30CC468B43509BDA3D58 /* AVFoundation.framework in Frameworks */ = {isa = PBXBuildFile; fileRef = 5DA0A51D89294CB19FF2088C /* AVFoundation.framework */; };
		904084AD03B54DC8A7280415 /* CDVFile.m in Sources */ = {isa = PBXBuildFile; fileRef = 84C5E7B7A416443AAEDD2247 /* CDVFile.m */; };
		C21DA6D6B38F46FAA088DF09 /* CDVLocalFilesystem.m in Sources */ = {isa = PBXBuildFile; fileRef = 6AA3746A493246598907E3DF /* CDVLocalFilesystem.m */; };
		DF5A01DF6993464192247F98 /* CDVAssetLibraryFilesystem.m in Sources */ = {isa = PBXBuildFile; fileRef = 6A09D57E7EC748D8A5236BCE /* CDVAssetLibraryFilesystem.m */; };
		22FBF8C94ADD42498493A9BE /* CDVCapture.m in Sources */ = {isa = PBXBuildFile; fileRef = 11E74E31D15F49AE8E92A67B /* CDVCapture.m */; };
		CFEB2A8C5A874480B9A64B68 /* CDVCapture.bundle in Resources */ = {isa = PBXBuildFile; fileRef = 4EBD8D4EEBFC4305BC0E4EF7 /* CDVCapture.bundle */; };
		DFB99CAC19F841F490DBC130 /* CDVLogger.m in Sources */ = {isa = PBXBuildFile; fileRef = 0A5001DBABB8455B9BE1959E /* CDVLogger.m */; };
		34F351468F8245A1BFD50626 /* CDVContacts.m in Sources */ = {isa = PBXBuildFile; fileRef = 4175F8C577CD4534A7B727E5 /* CDVContacts.m */; };
		0BA97FDF3B724F918707C9E4 /* CDVContact.m in Sources */ = {isa = PBXBuildFile; fileRef = F7AB6AE19F354BD3B5E1BF72 /* CDVContact.m */; };
		5C67194FCAD64BB299FDFD1A /* AddressBook.framework in Frameworks */ = {isa = PBXBuildFile; fileRef = 83E1EE957D5741FEADF27D6F /* AddressBook.framework */; settings = {ATTRIBUTES = (Weak, ); }; };
		97E9AB77F4FD4D17B6AE9DF1 /* AddressBookUI.framework in Frameworks */ = {isa = PBXBuildFile; fileRef = 15041AAB466645F5B2508DBB /* AddressBookUI.framework */; settings = {ATTRIBUTES = (Weak, ); }; };
		698B2D85105D4EBB9CC509ED /* CDVDevice.m in Sources */ = {isa = PBXBuildFile; fileRef = D3075F4C6EA6402DBE896909 /* CDVDevice.m */; };
		41A2D8011D494C9B834E7B2F /* CDVAccelerometer.m in Sources */ = {isa = PBXBuildFile; fileRef = 6718A6F267B34D5D8B9ABBB5 /* CDVAccelerometer.m */; };
		05BB2549CF3A42EE88DF00F6 /* CoreMotion.framework in Frameworks */ = {isa = PBXBuildFile; fileRef = 5B26F568CEC845E5B35BEA25 /* CoreMotion.framework */; };
		C0C03442F5344735B498E1D3 /* CDVCompass.m in Sources */ = {isa = PBXBuildFile; fileRef = A196587D10574AABB90A6BE3 /* CDVCompass.m */; };
		C420C952686A44E287B178D0 /* CDVNotification.m in Sources */ = {isa = PBXBuildFile; fileRef = CE9DD54DFFAA430A9BFF0399 /* CDVNotification.m */; };
		E462DEF2EF7140BB98861BC4 /* CDVNotification.bundle in Resources */ = {isa = PBXBuildFile; fileRef = 2437476945614A39BF494D71 /* CDVNotification.bundle */; };
		641F686B7F5D4A999ACF15CB /* AudioToolbox.framework in Frameworks */ = {isa = PBXBuildFile; fileRef = A51A48C3EF454C79B1FF8925 /* AudioToolbox.framework */; settings = {ATTRIBUTES = (Weak, ); }; };
		B171D7191CF546C98F5AA5C2 /* CDVFileTransfer.m in Sources */ = {isa = PBXBuildFile; fileRef = 80B2870CBC1B470BBEBFF565 /* CDVFileTransfer.m */; };
		9DFE85F6611741C5B8CABCCE /* CDVLocation.m in Sources */ = {isa = PBXBuildFile; fileRef = 8E6B6A28B531414499A357C1 /* CDVLocation.m */; };
		C69549043FED4A1BAE96BA75 /* CDVGlobalization.m in Sources */ = {isa = PBXBuildFile; fileRef = F33035F41E79424DBCEC92C4 /* CDVGlobalization.m */; };
		DBBFA7A524524F24ACE23222 /* CDVInAppBrowser.m in Sources */ = {isa = PBXBuildFile; fileRef = 4459F5AD2ABF4F9A87CB3DB0 /* CDVInAppBrowser.m */; };
		928B7EFED205435691875B1D /* CDVSound.m in Sources */ = {isa = PBXBuildFile; fileRef = A70CA8DA97204008B03E2E5E /* CDVSound.m */; };
		BEB3C8F9CAE341148D2889B4 /* CDVConnection.m in Sources */ = {isa = PBXBuildFile; fileRef = 7D1EF5BE5C4F4AB99AF34571 /* CDVConnection.m */; };
		928BD45CEDE9488C9077BC2E /* CDVReachability.m in Sources */ = {isa = PBXBuildFile; fileRef = F78853EB7AC343BBBBDBCE4F /* CDVReachability.m */; };
		D150D2C1B22F49819C27706E /* SystemConfiguration.framework in Frameworks */ = {isa = PBXBuildFile; fileRef = 67C213EA210F460B8DAE11F0 /* SystemConfiguration.framework */; settings = {ATTRIBUTES = (Weak, ); }; };
		67B9B90E9C074D8A84577089 /* CoreTelephony.framework in Frameworks */ = {isa = PBXBuildFile; fileRef = D658DE8539624844A4CAA19A /* CoreTelephony.framework */; };
		A7318983743C4D5A8F599F85 /* CDVSplashScreen.m in Sources */ = {isa = PBXBuildFile; fileRef = D3A529E79F28458BB1DD349F /* CDVSplashScreen.m */; };
		E3196E4762034C45A183E0F1 /* CDVViewController+SplashScreen.m in Sources */ = {isa = PBXBuildFile; fileRef = C4EF4274024C4D01AD300EDC /* CDVViewController+SplashScreen.m */; };
		ADD3FDF565684FD8BCACCAE6 /* CDVStatusBar.m in Sources */ = {isa = PBXBuildFile; fileRef = 727CD60F3D77450FB48409B6 /* CDVStatusBar.m */; };
		80D942AE129E4BFBAF84C11F /* CDVVibration.m in Sources */ = {isa = PBXBuildFile; fileRef = 9A74E02E7241445697429127 /* CDVVibration.m */; };
		7368FDCCE7AB4A48A2BA7107 /* FacebookConnectPlugin.m in Sources */ = {isa = PBXBuildFile; fileRef = 3B1E05A0DC204B1FA17EA557 /* FacebookConnectPlugin.m */; };
		590CCD0AE0774CECAFC843B5 /* Bolts.framework in Frameworks */ = {isa = PBXBuildFile; fileRef = E0070CF05AA142CCAAF9AB97 /* Bolts.framework */; };
		A11011B0484B4923A7DA4E58 /* FBSDKCoreKit.framework in Frameworks */ = {isa = PBXBuildFile; fileRef = BFF7B7D5B5884FD281E136B4 /* FBSDKCoreKit.framework */; };
		2819E71DD9C5448B81E8628D /* FBSDKLoginKit.framework in Frameworks */ = {isa = PBXBuildFile; fileRef = BE9863E69B3D4C0B9E17C4AD /* FBSDKLoginKit.framework */; };
		2571B31F40AD4892A309D6C6 /* FBSDKShareKit.framework in Frameworks */ = {isa = PBXBuildFile; fileRef = 4301EFCEA08B45049027F597 /* FBSDKShareKit.framework */; };
/* End PBXBuildFile section */

/* Begin PBXContainerItemProxy section */
		301BF534109A57CC0062928A /* PBXContainerItemProxy */ = {
			isa = PBXContainerItemProxy;
			containerPortal = 301BF52D109A57CC0062928A /* CordovaLib.xcodeproj */;
			proxyType = 2;
			remoteGlobalIDString = D2AAC07E0554694100DB518D;
			remoteInfo = CordovaLib;
		};
		301BF550109A68C00062928A /* PBXContainerItemProxy */ = {
			isa = PBXContainerItemProxy;
			containerPortal = 301BF52D109A57CC0062928A /* CordovaLib.xcodeproj */;
			proxyType = 1;
			remoteGlobalIDString = D2AAC07D0554694100DB518D;
			remoteInfo = CordovaLib;
		};
/* End PBXContainerItemProxy section */

/* Begin PBXFileReference section */
		0207DA571B56EA530066E2B4 /* Images.xcassets */ = {isa = PBXFileReference; lastKnownFileType = folder.assetcatalog; name = Images.xcassets; path = "Ygiis/Images.xcassets"; sourceTree = SOURCE_ROOT; };
		1D3623240D0F684500981E51 /* AppDelegate.h */ = {isa = PBXFileReference; fileEncoding = 4; lastKnownFileType = sourcecode.c.h; path = AppDelegate.h; sourceTree = "<group>"; };
		1D3623250D0F684500981E51 /* AppDelegate.m */ = {isa = PBXFileReference; fileEncoding = 4; lastKnownFileType = sourcecode.c.objc; path = AppDelegate.m; sourceTree = "<group>"; };
		1D6058910D05DD3D006BFB54 /* Ygiis.app */ = {isa = PBXFileReference; explicitFileType = wrapper.application; includeInIndex = 0; path = "Ygiis.app"; sourceTree = BUILT_PRODUCTS_DIR; };
		29B97316FDCFA39411CA2CEA /* main.m */ = {isa = PBXFileReference; fileEncoding = 4; lastKnownFileType = sourcecode.c.objc; path = main.m; sourceTree = "<group>"; };
		301BF52D109A57CC0062928A /* CordovaLib.xcodeproj */ = {isa = PBXFileReference; lastKnownFileType = "wrapper.pb-project"; name = CordovaLib.xcodeproj; path = CordovaLib/CordovaLib.xcodeproj; sourceTree = "<group>"; };
		301BF56E109A69640062928A /* www */ = {isa = PBXFileReference; lastKnownFileType = folder; path = www; sourceTree = SOURCE_ROOT; };
		302D95EE14D2391D003F00A1 /* MainViewController.h */ = {isa = PBXFileReference; fileEncoding = 4; lastKnownFileType = sourcecode.c.h; path = MainViewController.h; sourceTree = "<group>"; };
		302D95EF14D2391D003F00A1 /* MainViewController.m */ = {isa = PBXFileReference; fileEncoding = 4; lastKnownFileType = sourcecode.c.objc; path = MainViewController.m; sourceTree = "<group>"; };
		302D95F014D2391D003F00A1 /* MainViewController.xib */ = {isa = PBXFileReference; fileEncoding = 4; lastKnownFileType = file.xib; path = MainViewController.xib; sourceTree = "<group>"; };
		3047A50F1AB8059700498E2A /* build-debug.xcconfig */ = {isa = PBXFileReference; fileEncoding = 4; lastKnownFileType = text.xcconfig; name = "build-debug.xcconfig"; path = cordova/build-debug.xcconfig; sourceTree = SOURCE_ROOT; };
		3047A5101AB8059700498E2A /* build-release.xcconfig */ = {isa = PBXFileReference; fileEncoding = 4; lastKnownFileType = text.xcconfig; name = "build-release.xcconfig"; path = cordova/build-release.xcconfig; sourceTree = SOURCE_ROOT; };
		3047A5111AB8059700498E2A /* build.xcconfig */ = {isa = PBXFileReference; fileEncoding = 4; lastKnownFileType = text.xcconfig; name = build.xcconfig; path = cordova/build.xcconfig; sourceTree = SOURCE_ROOT; };
		32CA4F630368D1EE00C91783 /* Ygiis-Prefix.pch */ = {isa = PBXFileReference; fileEncoding = 4; lastKnownFileType = sourcecode.c.h; path = "Ygiis-Prefix.pch"; sourceTree = "<group>"; };
		8D1107310486CEB800E47090 /* Ygiis-Info.plist */ = {isa = PBXFileReference; fileEncoding = 4; lastKnownFileType = text.plist.xml; name = "Ygiis-Info.plist"; path = "Ygiis/Ygiis-Info.plist"; plistStructureDefinitionIdentifier = "com.apple.xcode.plist.structure-definition.iphone.info-plist"; sourceTree = SOURCE_ROOT; };
		EB87FDF31871DA8E0020F90C /* www */ = {isa = PBXFileReference; lastKnownFileType = folder; name = www; path = ../../www; sourceTree = "<group>"; };
		EB87FDF41871DAF40020F90C /* config.xml */ = {isa = PBXFileReference; lastKnownFileType = text.xml; name = config.xml; path = ../../config.xml; sourceTree = "<group>"; };
		F840E1F0165FE0F500CFE078 /* config.xml */ = {isa = PBXFileReference; lastKnownFileType = text.xml; name = config.xml; path = "Ygiis/config.xml"; sourceTree = "<group>"; };
		ED33DF2A687741AEAF9F8254 /* Bridging-Header.h */ = {isa = PBXFileReference; fileEncoding = 4; lastKnownFileType = sourcecode.c.h; name = "Bridging-Header.h"; path = "Bridging-Header.h"; sourceTree = "<group>"; };
		7C2AF0C6DB5142FBB456D310 /* CDVBattery.m */ = {isa = PBXFileReference; name = "CDVBattery.m"; path = "cordova-plugin-battery-status/CDVBattery.m"; sourceTree = "<group>"; fileEncoding = 4; lastKnownFileType = sourcecode.c.objc; explicitFileType = undefined; includeInIndex = 0; };
		CB5BB35CADEC4202BAF20989 /* CDVBattery.h */ = {isa = PBXFileReference; name = "CDVBattery.h"; path = "cordova-plugin-battery-status/CDVBattery.h"; sourceTree = "<group>"; fileEncoding = 4; lastKnownFileType = sourcecode.c.h; explicitFileType = undefined; includeInIndex = 0; };
		C12863ACBA8046FDAAE76F94 /* UIImage+CropScaleOrientation.m */ = {isa = PBXFileReference; name = "UIImage+CropScaleOrientation.m"; path = "cordova-plugin-camera/UIImage+CropScaleOrientation.m"; sourceTree = "<group>"; fileEncoding = 4; lastKnownFileType = sourcecode.c.objc; explicitFileType = undefined; includeInIndex = 0; };
		B7B215736DD64F529FBAB1CD /* CDVCamera.m */ = {isa = PBXFileReference; name = "CDVCamera.m"; path = "cordova-plugin-camera/CDVCamera.m"; sourceTree = "<group>"; fileEncoding = 4; lastKnownFileType = sourcecode.c.objc; explicitFileType = undefined; includeInIndex = 0; };
		50D76968E5EC4602BF1ECB0C /* CDVJpegHeaderWriter.m */ = {isa = PBXFileReference; name = "CDVJpegHeaderWriter.m"; path = "cordova-plugin-camera/CDVJpegHeaderWriter.m"; sourceTree = "<group>"; fileEncoding = 4; lastKnownFileType = sourcecode.c.objc; explicitFileType = undefined; includeInIndex = 0; };
		30887FD00B4E463283A55527 /* UIImage+CropScaleOrientation.h */ = {isa = PBXFileReference; name = "UIImage+CropScaleOrientation.h"; path = "cordova-plugin-camera/UIImage+CropScaleOrientation.h"; sourceTree = "<group>"; fileEncoding = 4; lastKnownFileType = sourcecode.c.h; explicitFileType = undefined; includeInIndex = 0; };
		B8DA2A052BB54FE7AD94294B /* CDVCamera.h */ = {isa = PBXFileReference; name = "CDVCamera.h"; path = "cordova-plugin-camera/CDVCamera.h"; sourceTree = "<group>"; fileEncoding = 4; lastKnownFileType = sourcecode.c.h; explicitFileType = undefined; includeInIndex = 0; };
		640ADCBDB0764CD8BA1B5E2C /* CDVJpegHeaderWriter.h */ = {isa = PBXFileReference; name = "CDVJpegHeaderWriter.h"; path = "cordova-plugin-camera/CDVJpegHeaderWriter.h"; sourceTree = "<group>"; fileEncoding = 4; lastKnownFileType = sourcecode.c.h; explicitFileType = undefined; includeInIndex = 0; };
		4DF36A4CE92B4944996FB72B /* CDVExif.h */ = {isa = PBXFileReference; name = "CDVExif.h"; path = "cordova-plugin-camera/CDVExif.h"; sourceTree = "<group>"; fileEncoding = 4; lastKnownFileType = sourcecode.c.h; explicitFileType = undefined; includeInIndex = 0; };
		167F93D6869D43A2A982AF2F /* ImageIO.framework */ = {isa = PBXFileReference; name = "ImageIO.framework"; path = "System/Library/Frameworks/ImageIO.framework"; sourceTree = SDKROOT; fileEncoding = undefined; lastKnownFileType = wrapper.framework; explicitFileType = undefined; includeInIndex = 0; };
		996A02C8ED7C4CDDB36804AB /* CoreLocation.framework */ = {isa = PBXFileReference; name = "CoreLocation.framework"; path = "System/Library/Frameworks/CoreLocation.framework"; sourceTree = SDKROOT; fileEncoding = undefined; lastKnownFileType = wrapper.framework; explicitFileType = undefined; includeInIndex = 0; };
		5DA0A51D89294CB19FF2088C /* AVFoundation.framework */ = {isa = PBXFileReference; name = "AVFoundation.framework"; path = "System/Library/Frameworks/AVFoundation.framework"; sourceTree = SDKROOT; fileEncoding = undefined; lastKnownFileType = wrapper.framework; explicitFileType = undefined; includeInIndex = 0; };
		84C5E7B7A416443AAEDD2247 /* CDVFile.m */ = {isa = PBXFileReference; name = "CDVFile.m"; path = "cordova-plugin-file/CDVFile.m"; sourceTree = "<group>"; fileEncoding = 4; lastKnownFileType = sourcecode.c.objc; explicitFileType = undefined; includeInIndex = 0; };
		6AA3746A493246598907E3DF /* CDVLocalFilesystem.m */ = {isa = PBXFileReference; name = "CDVLocalFilesystem.m"; path = "cordova-plugin-file/CDVLocalFilesystem.m"; sourceTree = "<group>"; fileEncoding = 4; lastKnownFileType = sourcecode.c.objc; explicitFileType = undefined; includeInIndex = 0; };
		6A09D57E7EC748D8A5236BCE /* CDVAssetLibraryFilesystem.m */ = {isa = PBXFileReference; name = "CDVAssetLibraryFilesystem.m"; path = "cordova-plugin-file/CDVAssetLibraryFilesystem.m"; sourceTree = "<group>"; fileEncoding = 4; lastKnownFileType = sourcecode.c.objc; explicitFileType = undefined; includeInIndex = 0; };
		35E1D92CAC374D07BBBA480E /* CDVFile.h */ = {isa = PBXFileReference; name = "CDVFile.h"; path = "cordova-plugin-file/CDVFile.h"; sourceTree = "<group>"; fileEncoding = 4; lastKnownFileType = sourcecode.c.h; explicitFileType = undefined; includeInIndex = 0; };
		8F0CA6DF3FAD4BCDB5AA0D14 /* CDVLocalFilesystem.h */ = {isa = PBXFileReference; name = "CDVLocalFilesystem.h"; path = "cordova-plugin-file/CDVLocalFilesystem.h"; sourceTree = "<group>"; fileEncoding = 4; lastKnownFileType = sourcecode.c.h; explicitFileType = undefined; includeInIndex = 0; };
		2AA36B17D37D423ABB483A2B /* CDVAssetLibraryFilesystem.h */ = {isa = PBXFileReference; name = "CDVAssetLibraryFilesystem.h"; path = "cordova-plugin-file/CDVAssetLibraryFilesystem.h"; sourceTree = "<group>"; fileEncoding = 4; lastKnownFileType = sourcecode.c.h; explicitFileType = undefined; includeInIndex = 0; };
		11E74E31D15F49AE8E92A67B /* CDVCapture.m */ = {isa = PBXFileReference; name = "CDVCapture.m"; path = "cordova-plugin-media-capture/CDVCapture.m"; sourceTree = "<group>"; fileEncoding = 4; lastKnownFileType = sourcecode.c.objc; explicitFileType = undefined; includeInIndex = 0; };
		8600C66E5E7F477C8959B10B /* CDVCapture.h */ = {isa = PBXFileReference; name = "CDVCapture.h"; path = "cordova-plugin-media-capture/CDVCapture.h"; sourceTree = "<group>"; fileEncoding = 4; lastKnownFileType = sourcecode.c.h; explicitFileType = undefined; includeInIndex = 0; };
		4EBD8D4EEBFC4305BC0E4EF7 /* CDVCapture.bundle */ = {isa = PBXFileReference; name = "CDVCapture.bundle"; path = "CDVCapture.bundle"; sourceTree = "<group>"; fileEncoding = undefined; lastKnownFileType = wrapper.plug-in; explicitFileType = undefined; includeInIndex = 0; };
		0A5001DBABB8455B9BE1959E /* CDVLogger.m */ = {isa = PBXFileReference; name = "CDVLogger.m"; path = "cordova-plugin-console/CDVLogger.m"; sourceTree = "<group>"; fileEncoding = 4; lastKnownFileType = sourcecode.c.objc; explicitFileType = undefined; includeInIndex = 0; };
		CEF2256458CF4FF88BBAB8DB /* CDVLogger.h */ = {isa = PBXFileReference; name = "CDVLogger.h"; path = "cordova-plugin-console/CDVLogger.h"; sourceTree = "<group>"; fileEncoding = 4; lastKnownFileType = sourcecode.c.h; explicitFileType = undefined; includeInIndex = 0; };
		4175F8C577CD4534A7B727E5 /* CDVContacts.m */ = {isa = PBXFileReference; name = "CDVContacts.m"; path = "cordova-plugin-contacts/CDVContacts.m"; sourceTree = "<group>"; fileEncoding = 4; lastKnownFileType = sourcecode.c.objc; explicitFileType = undefined; includeInIndex = 0; };
		F7AB6AE19F354BD3B5E1BF72 /* CDVContact.m */ = {isa = PBXFileReference; name = "CDVContact.m"; path = "cordova-plugin-contacts/CDVContact.m"; sourceTree = "<group>"; fileEncoding = 4; lastKnownFileType = sourcecode.c.objc; explicitFileType = undefined; includeInIndex = 0; };
		D1CA1B98763C40FFA7734039 /* CDVContacts.h */ = {isa = PBXFileReference; name = "CDVContacts.h"; path = "cordova-plugin-contacts/CDVContacts.h"; sourceTree = "<group>"; fileEncoding = 4; lastKnownFileType = sourcecode.c.h; explicitFileType = undefined; includeInIndex = 0; };
		1249A17034C14954BD8C773F /* CDVContact.h */ = {isa = PBXFileReference; name = "CDVContact.h"; path = "cordova-plugin-contacts/CDVContact.h"; sourceTree = "<group>"; fileEncoding = 4; lastKnownFileType = sourcecode.c.h; explicitFileType = undefined; includeInIndex = 0; };
		83E1EE957D5741FEADF27D6F /* AddressBook.framework */ = {isa = PBXFileReference; name = "AddressBook.framework"; path = "System/Library/Frameworks/AddressBook.framework"; sourceTree = SDKROOT; fileEncoding = undefined; lastKnownFileType = wrapper.framework; explicitFileType = undefined; includeInIndex = 0; };
		15041AAB466645F5B2508DBB /* AddressBookUI.framework */ = {isa = PBXFileReference; name = "AddressBookUI.framework"; path = "System/Library/Frameworks/AddressBookUI.framework"; sourceTree = SDKROOT; fileEncoding = undefined; lastKnownFileType = wrapper.framework; explicitFileType = undefined; includeInIndex = 0; };
		D3075F4C6EA6402DBE896909 /* CDVDevice.m */ = {isa = PBXFileReference; name = "CDVDevice.m"; path = "cordova-plugin-device/CDVDevice.m"; sourceTree = "<group>"; fileEncoding = 4; lastKnownFileType = sourcecode.c.objc; explicitFileType = undefined; includeInIndex = 0; };
		A4EA7CF0000748F196163585 /* CDVDevice.h */ = {isa = PBXFileReference; name = "CDVDevice.h"; path = "cordova-plugin-device/CDVDevice.h"; sourceTree = "<group>"; fileEncoding = 4; lastKnownFileType = sourcecode.c.h; explicitFileType = undefined; includeInIndex = 0; };
		6718A6F267B34D5D8B9ABBB5 /* CDVAccelerometer.m */ = {isa = PBXFileReference; name = "CDVAccelerometer.m"; path = "cordova-plugin-device-motion/CDVAccelerometer.m"; sourceTree = "<group>"; fileEncoding = 4; lastKnownFileType = sourcecode.c.objc; explicitFileType = undefined; includeInIndex = 0; };
		903028C0CFC9485597CDDD89 /* CDVAccelerometer.h */ = {isa = PBXFileReference; name = "CDVAccelerometer.h"; path = "cordova-plugin-device-motion/CDVAccelerometer.h"; sourceTree = "<group>"; fileEncoding = 4; lastKnownFileType = sourcecode.c.h; explicitFileType = undefined; includeInIndex = 0; };
		5B26F568CEC845E5B35BEA25 /* CoreMotion.framework */ = {isa = PBXFileReference; name = "CoreMotion.framework"; path = "System/Library/Frameworks/CoreMotion.framework"; sourceTree = SDKROOT; fileEncoding = undefined; lastKnownFileType = wrapper.framework; explicitFileType = undefined; includeInIndex = 0; };
		A196587D10574AABB90A6BE3 /* CDVCompass.m */ = {isa = PBXFileReference; name = "CDVCompass.m"; path = "cordova-plugin-device-orientation/CDVCompass.m"; sourceTree = "<group>"; fileEncoding = 4; lastKnownFileType = sourcecode.c.objc; explicitFileType = undefined; includeInIndex = 0; };
		3187346B77764EA38FFAE9B4 /* CDVCompass.h */ = {isa = PBXFileReference; name = "CDVCompass.h"; path = "cordova-plugin-device-orientation/CDVCompass.h"; sourceTree = "<group>"; fileEncoding = 4; lastKnownFileType = sourcecode.c.h; explicitFileType = undefined; includeInIndex = 0; };
		CE9DD54DFFAA430A9BFF0399 /* CDVNotification.m */ = {isa = PBXFileReference; name = "CDVNotification.m"; path = "cordova-plugin-dialogs/CDVNotification.m"; sourceTree = "<group>"; fileEncoding = 4; lastKnownFileType = sourcecode.c.objc; explicitFileType = undefined; includeInIndex = 0; };
		7C91B713CC8C406E8E3F9FDD /* CDVNotification.h */ = {isa = PBXFileReference; name = "CDVNotification.h"; path = "cordova-plugin-dialogs/CDVNotification.h"; sourceTree = "<group>"; fileEncoding = 4; lastKnownFileType = sourcecode.c.h; explicitFileType = undefined; includeInIndex = 0; };
		2437476945614A39BF494D71 /* CDVNotification.bundle */ = {isa = PBXFileReference; name = "CDVNotification.bundle"; path = "CDVNotification.bundle"; sourceTree = "<group>"; fileEncoding = undefined; lastKnownFileType = wrapper.plug-in; explicitFileType = undefined; includeInIndex = 0; };
		A51A48C3EF454C79B1FF8925 /* AudioToolbox.framework */ = {isa = PBXFileReference; name = "AudioToolbox.framework"; path = "System/Library/Frameworks/AudioToolbox.framework"; sourceTree = SDKROOT; fileEncoding = undefined; lastKnownFileType = wrapper.framework; explicitFileType = undefined; includeInIndex = 0; };
		80B2870CBC1B470BBEBFF565 /* CDVFileTransfer.m */ = {isa = PBXFileReference; name = "CDVFileTransfer.m"; path = "cordova-plugin-file-transfer/CDVFileTransfer.m"; sourceTree = "<group>"; fileEncoding = 4; lastKnownFileType = sourcecode.c.objc; explicitFileType = undefined; includeInIndex = 0; };
		A0B59085A8D24EC686C448A7 /* CDVFileTransfer.h */ = {isa = PBXFileReference; name = "CDVFileTransfer.h"; path = "cordova-plugin-file-transfer/CDVFileTransfer.h"; sourceTree = "<group>"; fileEncoding = 4; lastKnownFileType = sourcecode.c.h; explicitFileType = undefined; includeInIndex = 0; };
		8E6B6A28B531414499A357C1 /* CDVLocation.m */ = {isa = PBXFileReference; name = "CDVLocation.m"; path = "cordova-plugin-geolocation/CDVLocation.m"; sourceTree = "<group>"; fileEncoding = 4; lastKnownFileType = sourcecode.c.objc; explicitFileType = undefined; includeInIndex = 0; };
		1529DF09751E4B678AF6B491 /* CDVLocation.h */ = {isa = PBXFileReference; name = "CDVLocation.h"; path = "cordova-plugin-geolocation/CDVLocation.h"; sourceTree = "<group>"; fileEncoding = 4; lastKnownFileType = sourcecode.c.h; explicitFileType = undefined; includeInIndex = 0; };
		F33035F41E79424DBCEC92C4 /* CDVGlobalization.m */ = {isa = PBXFileReference; name = "CDVGlobalization.m"; path = "cordova-plugin-globalization/CDVGlobalization.m"; sourceTree = "<group>"; fileEncoding = 4; lastKnownFileType = sourcecode.c.objc; explicitFileType = undefined; includeInIndex = 0; };
		58F9870760004493B0C843D1 /* CDVGlobalization.h */ = {isa = PBXFileReference; name = "CDVGlobalization.h"; path = "cordova-plugin-globalization/CDVGlobalization.h"; sourceTree = "<group>"; fileEncoding = 4; lastKnownFileType = sourcecode.c.h; explicitFileType = undefined; includeInIndex = 0; };
		4459F5AD2ABF4F9A87CB3DB0 /* CDVInAppBrowser.m */ = {isa = PBXFileReference; name = "CDVInAppBrowser.m"; path = "cordova-plugin-inappbrowser/CDVInAppBrowser.m"; sourceTree = "<group>"; fileEncoding = 4; lastKnownFileType = sourcecode.c.objc; explicitFileType = undefined; includeInIndex = 0; };
		8995389BB15346FA82076EE5 /* CDVInAppBrowser.h */ = {isa = PBXFileReference; name = "CDVInAppBrowser.h"; path = "cordova-plugin-inappbrowser/CDVInAppBrowser.h"; sourceTree = "<group>"; fileEncoding = 4; lastKnownFileType = sourcecode.c.h; explicitFileType = undefined; includeInIndex = 0; };
		A70CA8DA97204008B03E2E5E /* CDVSound.m */ = {isa = PBXFileReference; name = "CDVSound.m"; path = "cordova-plugin-media/CDVSound.m"; sourceTree = "<group>"; fileEncoding = 4; lastKnownFileType = sourcecode.c.objc; explicitFileType = undefined; includeInIndex = 0; };
		8FC99BA36BAE4921AF8EC30B /* CDVSound.h */ = {isa = PBXFileReference; name = "CDVSound.h"; path = "cordova-plugin-media/CDVSound.h"; sourceTree = "<group>"; fileEncoding = 4; lastKnownFileType = sourcecode.c.h; explicitFileType = undefined; includeInIndex = 0; };
		7D1EF5BE5C4F4AB99AF34571 /* CDVConnection.m */ = {isa = PBXFileReference; name = "CDVConnection.m"; path = "cordova-plugin-network-information/CDVConnection.m"; sourceTree = "<group>"; fileEncoding = 4; lastKnownFileType = sourcecode.c.objc; explicitFileType = undefined; includeInIndex = 0; };
		F78853EB7AC343BBBBDBCE4F /* CDVReachability.m */ = {isa = PBXFileReference; name = "CDVReachability.m"; path = "cordova-plugin-network-information/CDVReachability.m"; sourceTree = "<group>"; fileEncoding = 4; lastKnownFileType = sourcecode.c.objc; explicitFileType = undefined; includeInIndex = 0; };
		0F7B1F7F1F5244C49D285324 /* CDVConnection.h */ = {isa = PBXFileReference; name = "CDVConnection.h"; path = "cordova-plugin-network-information/CDVConnection.h"; sourceTree = "<group>"; fileEncoding = 4; lastKnownFileType = sourcecode.c.h; explicitFileType = undefined; includeInIndex = 0; };
		FEC996382BF64374AEE90A8E /* CDVReachability.h */ = {isa = PBXFileReference; name = "CDVReachability.h"; path = "cordova-plugin-network-information/CDVReachability.h"; sourceTree = "<group>"; fileEncoding = 4; lastKnownFileType = sourcecode.c.h; explicitFileType = undefined; includeInIndex = 0; };
		67C213EA210F460B8DAE11F0 /* SystemConfiguration.framework */ = {isa = PBXFileReference; name = "SystemConfiguration.framework"; path = "System/Library/Frameworks/SystemConfiguration.framework"; sourceTree = SDKROOT; fileEncoding = undefined; lastKnownFileType = wrapper.framework; explicitFileType = undefined; includeInIndex = 0; };
		D658DE8539624844A4CAA19A /* CoreTelephony.framework */ = {isa = PBXFileReference; name = "CoreTelephony.framework"; path = "System/Library/Frameworks/CoreTelephony.framework"; sourceTree = SDKROOT; fileEncoding = undefined; lastKnownFileType = wrapper.framework; explicitFileType = undefined; includeInIndex = 0; };
		D3A529E79F28458BB1DD349F /* CDVSplashScreen.m */ = {isa = PBXFileReference; name = "CDVSplashScreen.m"; path = "cordova-plugin-splashscreen/CDVSplashScreen.m"; sourceTree = "<group>"; fileEncoding = 4; lastKnownFileType = sourcecode.c.objc; explicitFileType = undefined; includeInIndex = 0; };
		C4EF4274024C4D01AD300EDC /* CDVViewController+SplashScreen.m */ = {isa = PBXFileReference; name = "CDVViewController+SplashScreen.m"; path = "cordova-plugin-splashscreen/CDVViewController+SplashScreen.m"; sourceTree = "<group>"; fileEncoding = 4; lastKnownFileType = sourcecode.c.objc; explicitFileType = undefined; includeInIndex = 0; };
		B4C0A8122BD64A0EB460F888 /* CDVSplashScreen.h */ = {isa = PBXFileReference; name = "CDVSplashScreen.h"; path = "cordova-plugin-splashscreen/CDVSplashScreen.h"; sourceTree = "<group>"; fileEncoding = 4; lastKnownFileType = sourcecode.c.h; explicitFileType = undefined; includeInIndex = 0; };
		8F29B8B2760342E6BB14C95F /* CDVViewController+SplashScreen.h */ = {isa = PBXFileReference; name = "CDVViewController+SplashScreen.h"; path = "cordova-plugin-splashscreen/CDVViewController+SplashScreen.h"; sourceTree = "<group>"; fileEncoding = 4; lastKnownFileType = sourcecode.c.h; explicitFileType = undefined; includeInIndex = 0; };
		727CD60F3D77450FB48409B6 /* CDVStatusBar.m */ = {isa = PBXFileReference; name = "CDVStatusBar.m"; path = "cordova-plugin-statusbar/CDVStatusBar.m"; sourceTree = "<group>"; fileEncoding = 4; lastKnownFileType = sourcecode.c.objc; explicitFileType = undefined; includeInIndex = 0; };
		B2E9B98AD46E410C8CF63415 /* CDVStatusBar.h */ = {isa = PBXFileReference; name = "CDVStatusBar.h"; path = "cordova-plugin-statusbar/CDVStatusBar.h"; sourceTree = "<group>"; fileEncoding = 4; lastKnownFileType = sourcecode.c.h; explicitFileType = undefined; includeInIndex = 0; };
		9A74E02E7241445697429127 /* CDVVibration.m */ = {isa = PBXFileReference; name = "CDVVibration.m"; path = "cordova-plugin-vibration/CDVVibration.m"; sourceTree = "<group>"; fileEncoding = 4; lastKnownFileType = sourcecode.c.objc; explicitFileType = undefined; includeInIndex = 0; };
		B7F502F9A093438CB2020F62 /* CDVVibration.h */ = {isa = PBXFileReference; name = "CDVVibration.h"; path = "cordova-plugin-vibration/CDVVibration.h"; sourceTree = "<group>"; fileEncoding = 4; lastKnownFileType = sourcecode.c.h; explicitFileType = undefined; includeInIndex = 0; };
		3B1E05A0DC204B1FA17EA557 /* FacebookConnectPlugin.m */ = {isa = PBXFileReference; name = "FacebookConnectPlugin.m"; path = "cordova-plugin-facebook4/FacebookConnectPlugin.m"; sourceTree = "<group>"; fileEncoding = 4; lastKnownFileType = sourcecode.c.objc; explicitFileType = undefined; includeInIndex = 0; };
		356E2B50F9434339B99BF8B5 /* FacebookConnectPlugin.h */ = {isa = PBXFileReference; name = "FacebookConnectPlugin.h"; path = "cordova-plugin-facebook4/FacebookConnectPlugin.h"; sourceTree = "<group>"; fileEncoding = 4; lastKnownFileType = sourcecode.c.h; explicitFileType = undefined; includeInIndex = 0; };
		E0070CF05AA142CCAAF9AB97 /* Bolts.framework */ = {isa = PBXFileReference; name = "Bolts.framework"; path = "Ygiis/Plugins/cordova-plugin-facebook4/Bolts.framework"; sourceTree = "<group>"; fileEncoding = undefined; lastKnownFileType = wrapper.framework; explicitFileType = undefined; includeInIndex = 0; };
		BFF7B7D5B5884FD281E136B4 /* FBSDKCoreKit.framework */ = {isa = PBXFileReference; name = "FBSDKCoreKit.framework"; path = "Ygiis/Plugins/cordova-plugin-facebook4/FBSDKCoreKit.framework"; sourceTree = "<group>"; fileEncoding = undefined; lastKnownFileType = wrapper.framework; explicitFileType = undefined; includeInIndex = 0; };
		BE9863E69B3D4C0B9E17C4AD /* FBSDKLoginKit.framework */ = {isa = PBXFileReference; name = "FBSDKLoginKit.framework"; path = "Ygiis/Plugins/cordova-plugin-facebook4/FBSDKLoginKit.framework"; sourceTree = "<group>"; fileEncoding = undefined; lastKnownFileType = wrapper.framework; explicitFileType = undefined; includeInIndex = 0; };
		4301EFCEA08B45049027F597 /* FBSDKShareKit.framework */ = {isa = PBXFileReference; name = "FBSDKShareKit.framework"; path = "Ygiis/Plugins/cordova-plugin-facebook4/FBSDKShareKit.framework"; sourceTree = "<group>"; fileEncoding = undefined; lastKnownFileType = wrapper.framework; explicitFileType = undefined; includeInIndex = 0; };
/* End PBXFileReference section */

/* Begin PBXFrameworksBuildPhase section */
		1D60588F0D05DD3D006BFB54 /* Frameworks */ = {
			isa = PBXFrameworksBuildPhase;
			buildActionMask = 2147483647;
			files = (
				301BF552109A68D80062928A /* libCordova.a in Frameworks */,
				E5930995EDC14B3095093D69 /* ImageIO.framework in Frameworks */,
				312C5096B3A64090AC1D68C0 /* CoreLocation.framework in Frameworks */,
				80CE30CC468B43509BDA3D58 /* AVFoundation.framework in Frameworks */,
				5C67194FCAD64BB299FDFD1A /* AddressBook.framework in Frameworks */,
				97E9AB77F4FD4D17B6AE9DF1 /* AddressBookUI.framework in Frameworks */,
				05BB2549CF3A42EE88DF00F6 /* CoreMotion.framework in Frameworks */,
				641F686B7F5D4A999ACF15CB /* AudioToolbox.framework in Frameworks */,
				D150D2C1B22F49819C27706E /* SystemConfiguration.framework in Frameworks */,
				67B9B90E9C074D8A84577089 /* CoreTelephony.framework in Frameworks */,
				590CCD0AE0774CECAFC843B5 /* Bolts.framework in Frameworks */,
				A11011B0484B4923A7DA4E58 /* FBSDKCoreKit.framework in Frameworks */,
				2819E71DD9C5448B81E8628D /* FBSDKLoginKit.framework in Frameworks */,
				2571B31F40AD4892A309D6C6 /* FBSDKShareKit.framework in Frameworks */,
			);
			runOnlyForDeploymentPostprocessing = 0;
		};
/* End PBXFrameworksBuildPhase section */

/* Begin PBXGroup section */
		080E96DDFE201D6D7F000001 /* Classes */ = {
			isa = PBXGroup;
			children = (
				302D95EE14D2391D003F00A1 /* MainViewController.h */,
				302D95EF14D2391D003F00A1 /* MainViewController.m */,
				302D95F014D2391D003F00A1 /* MainViewController.xib */,
				1D3623240D0F684500981E51 /* AppDelegate.h */,
				1D3623250D0F684500981E51 /* AppDelegate.m */,
			);
			name = Classes;
			path = "Ygiis/Classes";
			sourceTree = SOURCE_ROOT;
		};
		19C28FACFE9D520D11CA2CBB /* Products */ = {
			isa = PBXGroup;
			children = (
				1D6058910D05DD3D006BFB54 /* Ygiis.app */,
			);
			name = Products;
			sourceTree = "<group>";
		};
		29B97314FDCFA39411CA2CEA /* CustomTemplate */ = {
			isa = PBXGroup;
			children = (
				EB87FDF41871DAF40020F90C /* config.xml */,
				EB87FDF31871DA8E0020F90C /* www */,
				EB87FDF11871DA420020F90C /* Staging */,
				301BF52D109A57CC0062928A /* CordovaLib.xcodeproj */,
				080E96DDFE201D6D7F000001 /* Classes */,
				307C750510C5A3420062BCA9 /* Plugins */,
				29B97315FDCFA39411CA2CEA /* Other Sources */,
				29B97317FDCFA39411CA2CEA /* Resources */,
				29B97323FDCFA39411CA2CEA /* Frameworks */,
				19C28FACFE9D520D11CA2CBB /* Products */,
			);
			name = CustomTemplate;
			sourceTree = "<group>";
		};
		29B97315FDCFA39411CA2CEA /* Other Sources */ = {
			isa = PBXGroup;
			children = (
				32CA4F630368D1EE00C91783 /* Ygiis-Prefix.pch */,
				29B97316FDCFA39411CA2CEA /* main.m */,
				ED33DF2A687741AEAF9F8254 /* Bridging-Header.h */,
			);
			name = "Other Sources";
			path = "Ygiis";
			sourceTree = "<group>";
		};
		29B97317FDCFA39411CA2CEA /* Resources */ = {
			isa = PBXGroup;
			children = (
				0207DA571B56EA530066E2B4 /* Images.xcassets */,
				3047A50E1AB8057F00498E2A /* config */,
				8D1107310486CEB800E47090 /* Ygiis-Info.plist */,
				4EBD8D4EEBFC4305BC0E4EF7 /* CDVCapture.bundle */,
				2437476945614A39BF494D71 /* CDVNotification.bundle */,
			);
			name = Resources;
			path = "Ygiis/Resources";
			sourceTree = "<group>";
		};
		29B97323FDCFA39411CA2CEA /* Frameworks */ = {
			isa = PBXGroup;
			children = (
				167F93D6869D43A2A982AF2F /* ImageIO.framework */,
				996A02C8ED7C4CDDB36804AB /* CoreLocation.framework */,
				5DA0A51D89294CB19FF2088C /* AVFoundation.framework */,
				83E1EE957D5741FEADF27D6F /* AddressBook.framework */,
				15041AAB466645F5B2508DBB /* AddressBookUI.framework */,
				5B26F568CEC845E5B35BEA25 /* CoreMotion.framework */,
				A51A48C3EF454C79B1FF8925 /* AudioToolbox.framework */,
				67C213EA210F460B8DAE11F0 /* SystemConfiguration.framework */,
				D658DE8539624844A4CAA19A /* CoreTelephony.framework */,
				E0070CF05AA142CCAAF9AB97 /* Bolts.framework */,
				BFF7B7D5B5884FD281E136B4 /* FBSDKCoreKit.framework */,
				BE9863E69B3D4C0B9E17C4AD /* FBSDKLoginKit.framework */,
				4301EFCEA08B45049027F597 /* FBSDKShareKit.framework */,
			);
			name = Frameworks;
			sourceTree = "<group>";
		};
		301BF52E109A57CC0062928A /* Products */ = {
			isa = PBXGroup;
			children = (
				301BF535109A57CC0062928A /* libCordova.a */,
			);
			name = Products;
			sourceTree = "<group>";
		};
		3047A50E1AB8057F00498E2A /* config */ = {
			isa = PBXGroup;
			children = (
				3047A50F1AB8059700498E2A /* build-debug.xcconfig */,
				3047A5101AB8059700498E2A /* build-release.xcconfig */,
				3047A5111AB8059700498E2A /* build.xcconfig */,
			);
			name = config;
			sourceTree = "<group>";
		};
		307C750510C5A3420062BCA9 /* Plugins */ = {
			isa = PBXGroup;
			children = (
				7C2AF0C6DB5142FBB456D310 /* CDVBattery.m */,
				CB5BB35CADEC4202BAF20989 /* CDVBattery.h */,
				C12863ACBA8046FDAAE76F94 /* UIImage+CropScaleOrientation.m */,
				B7B215736DD64F529FBAB1CD /* CDVCamera.m */,
				50D76968E5EC4602BF1ECB0C /* CDVJpegHeaderWriter.m */,
				30887FD00B4E463283A55527 /* UIImage+CropScaleOrientation.h */,
				B8DA2A052BB54FE7AD94294B /* CDVCamera.h */,
				640ADCBDB0764CD8BA1B5E2C /* CDVJpegHeaderWriter.h */,
				4DF36A4CE92B4944996FB72B /* CDVExif.h */,
				84C5E7B7A416443AAEDD2247 /* CDVFile.m */,
				6AA3746A493246598907E3DF /* CDVLocalFilesystem.m */,
				6A09D57E7EC748D8A5236BCE /* CDVAssetLibraryFilesystem.m */,
				35E1D92CAC374D07BBBA480E /* CDVFile.h */,
				8F0CA6DF3FAD4BCDB5AA0D14 /* CDVLocalFilesystem.h */,
				2AA36B17D37D423ABB483A2B /* CDVAssetLibraryFilesystem.h */,
				11E74E31D15F49AE8E92A67B /* CDVCapture.m */,
				8600C66E5E7F477C8959B10B /* CDVCapture.h */,
				0A5001DBABB8455B9BE1959E /* CDVLogger.m */,
				CEF2256458CF4FF88BBAB8DB /* CDVLogger.h */,
				4175F8C577CD4534A7B727E5 /* CDVContacts.m */,
				F7AB6AE19F354BD3B5E1BF72 /* CDVContact.m */,
				D1CA1B98763C40FFA7734039 /* CDVContacts.h */,
				1249A17034C14954BD8C773F /* CDVContact.h */,
				D3075F4C6EA6402DBE896909 /* CDVDevice.m */,
				A4EA7CF0000748F196163585 /* CDVDevice.h */,
				6718A6F267B34D5D8B9ABBB5 /* CDVAccelerometer.m */,
				903028C0CFC9485597CDDD89 /* CDVAccelerometer.h */,
				A196587D10574AABB90A6BE3 /* CDVCompass.m */,
				3187346B77764EA38FFAE9B4 /* CDVCompass.h */,
				CE9DD54DFFAA430A9BFF0399 /* CDVNotification.m */,
				7C91B713CC8C406E8E3F9FDD /* CDVNotification.h */,
				80B2870CBC1B470BBEBFF565 /* CDVFileTransfer.m */,
				A0B59085A8D24EC686C448A7 /* CDVFileTransfer.h */,
				8E6B6A28B531414499A357C1 /* CDVLocation.m */,
				1529DF09751E4B678AF6B491 /* CDVLocation.h */,
				F33035F41E79424DBCEC92C4 /* CDVGlobalization.m */,
				58F9870760004493B0C843D1 /* CDVGlobalization.h */,
				4459F5AD2ABF4F9A87CB3DB0 /* CDVInAppBrowser.m */,
				8995389BB15346FA82076EE5 /* CDVInAppBrowser.h */,
				A70CA8DA97204008B03E2E5E /* CDVSound.m */,
				8FC99BA36BAE4921AF8EC30B /* CDVSound.h */,
				7D1EF5BE5C4F4AB99AF34571 /* CDVConnection.m */,
				F78853EB7AC343BBBBDBCE4F /* CDVReachability.m */,
				0F7B1F7F1F5244C49D285324 /* CDVConnection.h */,
				FEC996382BF64374AEE90A8E /* CDVReachability.h */,
				D3A529E79F28458BB1DD349F /* CDVSplashScreen.m */,
				C4EF4274024C4D01AD300EDC /* CDVViewController+SplashScreen.m */,
				B4C0A8122BD64A0EB460F888 /* CDVSplashScreen.h */,
				8F29B8B2760342E6BB14C95F /* CDVViewController+SplashScreen.h */,
				727CD60F3D77450FB48409B6 /* CDVStatusBar.m */,
				B2E9B98AD46E410C8CF63415 /* CDVStatusBar.h */,
				9A74E02E7241445697429127 /* CDVVibration.m */,
				B7F502F9A093438CB2020F62 /* CDVVibration.h */,
				3B1E05A0DC204B1FA17EA557 /* FacebookConnectPlugin.m */,
				356E2B50F9434339B99BF8B5 /* FacebookConnectPlugin.h */,
			);
			name = Plugins;
			path = "Ygiis/Plugins";
			sourceTree = SOURCE_ROOT;
		};
		EB87FDF11871DA420020F90C /* Staging */ = {
			isa = PBXGroup;
			children = (
				F840E1F0165FE0F500CFE078 /* config.xml */,
				301BF56E109A69640062928A /* www */,
			);
			name = Staging;
			sourceTree = "<group>";
		};
/* End PBXGroup section */

/* Begin PBXNativeTarget section */
		1D6058900D05DD3D006BFB54 /* Ygiis */ = {
			isa = PBXNativeTarget;
			buildConfigurationList = 1D6058960D05DD3E006BFB54 /* Build configuration list for PBXNativeTarget "Ygiis" */;
			buildPhases = (
				304B58A110DAC018002A0835 /* Copy www directory */,
				1D60588D0D05DD3D006BFB54 /* Resources */,
				1D60588E0D05DD3D006BFB54 /* Sources */,
				1D60588F0D05DD3D006BFB54 /* Frameworks */,
			);
			buildRules = (
			);
			dependencies = (
				301BF551109A68C00062928A /* PBXTargetDependency */,
			);
			name = "Ygiis";
			productName = "Ygiis";
			productReference = 1D6058910D05DD3D006BFB54 /* Ygiis.app */;
			productType = "com.apple.product-type.application";
		};
/* End PBXNativeTarget section */

/* Begin PBXProject section */
		29B97313FDCFA39411CA2CEA /* Project object */ = {
			isa = PBXProject;
			attributes = {
				LastUpgradeCheck = 510;
			};
			buildConfigurationList = C01FCF4E08A954540054247B /* Build configuration list for PBXProject "__NON-CLI__" */;
			compatibilityVersion = "Xcode 3.2";
			developmentRegion = English;
			hasScannedForEncodings = 1;
			mainGroup = 29B97314FDCFA39411CA2CEA /* CustomTemplate */;
			projectDirPath = "";
			projectReferences = (
				{
					ProductGroup = 301BF52E109A57CC0062928A /* Products */;
					ProjectRef = 301BF52D109A57CC0062928A /* CordovaLib.xcodeproj */;
				},
			);
			projectRoot = "";
			targets = (
				1D6058900D05DD3D006BFB54 /* Ygiis */,
			);
		};
/* End PBXProject section */

/* Begin PBXReferenceProxy section */
		301BF535109A57CC0062928A /* libCordova.a */ = {
			isa = PBXReferenceProxy;
			fileType = archive.ar;
			path = libCordova.a;
			remoteRef = 301BF534109A57CC0062928A /* PBXContainerItemProxy */;
			sourceTree = BUILT_PRODUCTS_DIR;
		};
/* End PBXReferenceProxy section */

/* Begin PBXResourcesBuildPhase section */
		1D60588D0D05DD3D006BFB54 /* Resources */ = {
			isa = PBXResourcesBuildPhase;
			buildActionMask = 2147483647;
			files = (
				302D95F214D2391D003F00A1 /* MainViewController.xib in Resources */,
				3047A5131AB8059700498E2A /* build-release.xcconfig in Resources */,
				3047A5141AB8059700498E2A /* build.xcconfig in Resources */,
				0207DA581B56EA530066E2B4 /* Images.xcassets in Resources */,
				3047A5121AB8059700498E2A /* build-debug.xcconfig in Resources */,
				CFEB2A8C5A874480B9A64B68 /* CDVCapture.bundle in Resources */,
				E462DEF2EF7140BB98861BC4 /* CDVNotification.bundle in Resources */,
			);
			runOnlyForDeploymentPostprocessing = 0;
		};
/* End PBXResourcesBuildPhase section */

/* Begin PBXShellScriptBuildPhase section */
		304B58A110DAC018002A0835 /* Copy www directory */ = {
			isa = PBXShellScriptBuildPhase;
			buildActionMask = 2147483647;
			files = (
			);
			inputPaths = (
			);
			name = "Copy www directory";
			outputPaths = (
			);
			runOnlyForDeploymentPostprocessing = 0;
			shellPath = /bin/sh;
			shellScript = "NODEJS_PATH=/usr/local/bin; NVM_NODE_PATH=~/.nvm/versions/node/`nvm version 2>/dev/null`/bin; N_NODE_PATH=`find /usr/local/n/versions/node/* -maxdepth 0 -type d 2>/dev/null | tail -1`/bin; XCODE_NODE_PATH=`xcode-select --print-path`/usr/share/xcs/Node/bin; PATH=$NODEJS_PATH:$NVM_NODE_PATH:$N_NODE_PATH:$XCODE_NODE_PATH:$PATH && node cordova/lib/copy-www-build-step.js";
			showEnvVarsInLog = 0;
		};
/* End PBXShellScriptBuildPhase section */

/* Begin PBXSourcesBuildPhase section */
		1D60588E0D05DD3D006BFB54 /* Sources */ = {
			isa = PBXSourcesBuildPhase;
			buildActionMask = 2147483647;
			files = (
				1D60589B0D05DD56006BFB54 /* main.m in Sources */,
				1D3623260D0F684500981E51 /* AppDelegate.m in Sources */,
				302D95F114D2391D003F00A1 /* MainViewController.m in Sources */,
				99A426DC237C4FC1BF403B9C /* CDVBattery.m in Sources */,
				4C38F758FC1A40AB95714E1F /* UIImage+CropScaleOrientation.m in Sources */,
				D0CE392C2A4B45E784F55370 /* CDVCamera.m in Sources */,
				40D601BC3AD1453881158C81 /* CDVJpegHeaderWriter.m in Sources */,
				904084AD03B54DC8A7280415 /* CDVFile.m in Sources */,
				C21DA6D6B38F46FAA088DF09 /* CDVLocalFilesystem.m in Sources */,
				DF5A01DF6993464192247F98 /* CDVAssetLibraryFilesystem.m in Sources */,
				22FBF8C94ADD42498493A9BE /* CDVCapture.m in Sources */,
				DFB99CAC19F841F490DBC130 /* CDVLogger.m in Sources */,
				34F351468F8245A1BFD50626 /* CDVContacts.m in Sources */,
				0BA97FDF3B724F918707C9E4 /* CDVContact.m in Sources */,
				698B2D85105D4EBB9CC509ED /* CDVDevice.m in Sources */,
				41A2D8011D494C9B834E7B2F /* CDVAccelerometer.m in Sources */,
				C0C03442F5344735B498E1D3 /* CDVCompass.m in Sources */,
				C420C952686A44E287B178D0 /* CDVNotification.m in Sources */,
				B171D7191CF546C98F5AA5C2 /* CDVFileTransfer.m in Sources */,
				9DFE85F6611741C5B8CABCCE /* CDVLocation.m in Sources */,
				C69549043FED4A1BAE96BA75 /* CDVGlobalization.m in Sources */,
				DBBFA7A524524F24ACE23222 /* CDVInAppBrowser.m in Sources */,
				928B7EFED205435691875B1D /* CDVSound.m in Sources */,
				BEB3C8F9CAE341148D2889B4 /* CDVConnection.m in Sources */,
				928BD45CEDE9488C9077BC2E /* CDVReachability.m in Sources */,
				A7318983743C4D5A8F599F85 /* CDVSplashScreen.m in Sources */,
				E3196E4762034C45A183E0F1 /* CDVViewController+SplashScreen.m in Sources */,
				ADD3FDF565684FD8BCACCAE6 /* CDVStatusBar.m in Sources */,
				80D942AE129E4BFBAF84C11F /* CDVVibration.m in Sources */,
				7368FDCCE7AB4A48A2BA7107 /* FacebookConnectPlugin.m in Sources */,
			);
			runOnlyForDeploymentPostprocessing = 0;
		};
/* End PBXSourcesBuildPhase section */

/* Begin PBXTargetDependency section */
		301BF551109A68C00062928A /* PBXTargetDependency */ = {
			isa = PBXTargetDependency;
			name = CordovaLib;
			targetProxy = 301BF550109A68C00062928A /* PBXContainerItemProxy */;
		};
/* End PBXTargetDependency section */

/* Begin XCBuildConfiguration section */
		1D6058940D05DD3E006BFB54 /* Debug */ = {
			isa = XCBuildConfiguration;
			baseConfigurationReference = 3047A50F1AB8059700498E2A /* build-debug.xcconfig */;
			buildSettings = {
				ALWAYS_SEARCH_USER_PATHS = NO;
				ASSETCATALOG_COMPILER_APPICON_NAME = AppIcon;
				ASSETCATALOG_COMPILER_LAUNCHIMAGE_NAME = LaunchImage;
				CLANG_ENABLE_MODULES = YES;
				CLANG_ENABLE_OBJC_ARC = YES;
				COPY_PHASE_STRIP = NO;
				GCC_DYNAMIC_NO_PIC = NO;
				GCC_OPTIMIZATION_LEVEL = 0;
				GCC_PRECOMPILE_PREFIX_HEADER = YES;
				GCC_PREFIX_HEADER = "Ygiis/Ygiis-Prefix.pch";
				GCC_THUMB_SUPPORT = NO;
				GCC_VERSION = "";
				INFOPLIST_FILE = "Ygiis/Ygiis-Info.plist";
				LD_RUNPATH_SEARCH_PATHS = "@executable_path/Frameworks";
				PRODUCT_NAME = "Ygiis";
				FRAMEWORK_SEARCH_PATHS = (
					"$(inherited)",
					"\"Ygiis/Plugins/cordova-plugin-facebook4\"",
					"\"Ygiis/Plugins/cordova-plugin-facebook4\"",
					"\"Ygiis/Plugins/cordova-plugin-facebook4\"",
					"\"Ygiis/Plugins/cordova-plugin-facebook4\"",
				);
			};
			name = Debug;
		};
		1D6058950D05DD3E006BFB54 /* Release */ = {
			isa = XCBuildConfiguration;
			baseConfigurationReference = 3047A5101AB8059700498E2A /* build-release.xcconfig */;
			buildSettings = {
				ALWAYS_SEARCH_USER_PATHS = NO;
				ASSETCATALOG_COMPILER_APPICON_NAME = AppIcon;
				ASSETCATALOG_COMPILER_LAUNCHIMAGE_NAME = LaunchImage;
				CLANG_ENABLE_MODULES = YES;
				CLANG_ENABLE_OBJC_ARC = YES;
				COPY_PHASE_STRIP = YES;
				GCC_PRECOMPILE_PREFIX_HEADER = YES;
				GCC_PREFIX_HEADER = "Ygiis/Ygiis-Prefix.pch";
				GCC_THUMB_SUPPORT = NO;
				GCC_VERSION = "";
				INFOPLIST_FILE = "Ygiis/Ygiis-Info.plist";
				PRODUCT_NAME = "Ygiis";
				FRAMEWORK_SEARCH_PATHS = (
					"$(inherited)",
					"\"Ygiis/Plugins/cordova-plugin-facebook4\"",
					"\"Ygiis/Plugins/cordova-plugin-facebook4\"",
					"\"Ygiis/Plugins/cordova-plugin-facebook4\"",
					"\"Ygiis/Plugins/cordova-plugin-facebook4\"",
				);
			};
			name = Release;
		};
		C01FCF4F08A954540054247B /* Debug */ = {
			isa = XCBuildConfiguration;
			baseConfigurationReference = 3047A5111AB8059700498E2A /* build.xcconfig */;
			buildSettings = {
				CLANG_ENABLE_MODULES = YES;
				CLANG_ENABLE_OBJC_ARC = YES;
				CLANG_WARN_BOOL_CONVERSION = YES;
				CLANG_WARN_CONSTANT_CONVERSION = YES;
				CLANG_WARN_EMPTY_BODY = YES;
				CLANG_WARN_ENUM_CONVERSION = YES;
				CLANG_WARN_INT_CONVERSION = YES;
				CLANG_WARN__DUPLICATE_METHOD_MATCH = YES;
				GCC_C_LANGUAGE_STANDARD = c99;
				GCC_THUMB_SUPPORT = NO;
				GCC_VERSION = "";
				GCC_WARN_ABOUT_RETURN_TYPE = YES;
				GCC_WARN_UNDECLARED_SELECTOR = YES;
				GCC_WARN_UNINITIALIZED_AUTOS = YES;
				GCC_WARN_UNUSED_FUNCTION = YES;
				GCC_WARN_UNUSED_VARIABLE = YES;
				ONLY_ACTIVE_ARCH = YES;
				SDKROOT = iphoneos;
				SKIP_INSTALL = NO;
			};
			name = Debug;
		};
		C01FCF5008A954540054247B /* Release */ = {
			isa = XCBuildConfiguration;
			baseConfigurationReference = 3047A5111AB8059700498E2A /* build.xcconfig */;
			buildSettings = {
				CLANG_ENABLE_MODULES = YES;
				CLANG_ENABLE_OBJC_ARC = YES;
				CLANG_WARN_BOOL_CONVERSION = YES;
				CLANG_WARN_CONSTANT_CONVERSION = YES;
				CLANG_WARN_EMPTY_BODY = YES;
				CLANG_WARN_ENUM_CONVERSION = YES;
				CLANG_WARN_INT_CONVERSION = YES;
				CLANG_WARN__DUPLICATE_METHOD_MATCH = YES;
				GCC_C_LANGUAGE_STANDARD = c99;
				GCC_THUMB_SUPPORT = NO;
				GCC_VERSION = "";
				GCC_WARN_ABOUT_RETURN_TYPE = YES;
				GCC_WARN_UNDECLARED_SELECTOR = YES;
				GCC_WARN_UNINITIALIZED_AUTOS = YES;
				GCC_WARN_UNUSED_FUNCTION = YES;
				GCC_WARN_UNUSED_VARIABLE = YES;
				SDKROOT = iphoneos;
				SKIP_INSTALL = NO;
			};
			name = Release;
		};
/* End XCBuildConfiguration section */

/* Begin XCConfigurationList section */
		1D6058960D05DD3E006BFB54 /* Build configuration list for PBXNativeTarget "Ygiis" */ = {
			isa = XCConfigurationList;
			buildConfigurations = (
				1D6058940D05DD3E006BFB54 /* Debug */,
				1D6058950D05DD3E006BFB54 /* Release */,
			);
			defaultConfigurationIsVisible = 0;
			defaultConfigurationName = Release;
		};
		C01FCF4E08A954540054247B /* Build configuration list for PBXProject "__NON-CLI__" */ = {
			isa = XCConfigurationList;
			buildConfigurations = (
				C01FCF4F08A954540054247B /* Debug */,
				C01FCF5008A954540054247B /* Release */,
			);
			defaultConfigurationIsVisible = 0;
			defaultConfigurationName = Release;
		};
/* End XCConfigurationList section */
	};
	rootObject = 29B97313FDCFA39411CA2CEA /* Project object */;
}
